
Microsoft Visual Studio Solution File, Format Version 12.00
# Visual Studio Version 17
VisualStudioVersion = 17.5.33627.172
MinimumVisualStudioVersion = 10.0.40219.1
Project("{FAE04EC0-301F-11D3-BF4B-00C04F79EFBC}") = "Piizzapan.EntityLayer", "Piizzapan.EntityLayer\Piizzapan.EntityLayer.csproj", "{CDEF9510-729F-4A7E-80F3-E5F1850D47DA}"
EndProject
Project("{FAE04EC0-301F-11D3-BF4B-00C04F79EFBC}") = "PiizzaPan.DataAccessLayer", "PiizzaPan.DataAccessLayer\PiizzaPan.DataAccessLayer.csproj", "{1DDCE185-52F3-44BC-9E86-CE25C18F726A}"
EndProject
Project("{FAE04EC0-301F-11D3-BF4B-00C04F79EFBC}") = "PiizzaPan.Presentation.Layer", "PiizzaPan.Presentation.Layer\PiizzaPan.Presentation.Layer.csproj", "{99A7B309-5432-422C-92EF-FC66F729BBB7}"
EndProject
Global
	GlobalSection(SolutionConfigurationPlatforms) = preSolution
		Debug|Any CPU = Debug|Any CPU
		Release|Any CPU = Release|Any CPU
	EndGlobalSection
	GlobalSection(ProjectConfigurationPlatforms) = postSolution
		{CDEF9510-729F-4A7E-80F3-E5F1850D47DA}.Debug|Any CPU.ActiveCfg = Debug|Any CPU
		{CDEF9510-729F-4A7E-80F3-E5F1850D47DA}.Debug|Any CPU.Build.0 = Debug|Any CPU
		{CDEF9510-729F-4A7E-80F3-E5F1850D47DA}.Release|Any CPU.ActiveCfg = Release|Any CPU
		{CDEF9510-729F-4A7E-80F3-E5F1850D47DA}.Release|Any CPU.Build.0 = Release|Any CPU
		{1DDCE185-52F3-44BC-9E86-CE25C18F726A}.Debug|Any CPU.ActiveCfg = Debug|Any CPU
		{1DDCE185-52F3-44BC-9E86-CE25C18F726A}.Debug|Any CPU.Build.0 = Debug|Any CPU
		{1DDCE185-52F3-44BC-9E86-CE25C18F726A}.Release|Any CPU.ActiveCfg = Release|Any CPU
		{1DDCE185-52F3-44BC-9E86-CE25C18F726A}.Release|Any CPU.Build.0 = Release|Any CPU
		{99A7B309-5432-422C-92EF-FC66F729BBB7}.Debug|Any CPU.ActiveCfg = Debug|Any CPU
		{99A7B309-5432-422C-92EF-FC66F729BBB7}.Debug|Any CPU.Build.0 = Debug|Any CPU
		{99A7B309-5432-422C-92EF-FC66F729BBB7}.Release|Any CPU.ActiveCfg = Release|Any CPU
		{99A7B309-5432-422C-92EF-FC66F729BBB7}.Release|Any CPU.Build.0 = Release|Any CPU
	EndGlobalSection
	GlobalSection(SolutionProperties) = preSolution
		HideSolutionNode = FALSE
	EndGlobalSection
	GlobalSection(ExtensibilityGlobals) = postSolution
		SolutionGuid = {697FCA33-E10F-467F-998C-1BA2CCA51355}
	EndGlobalSection
EndGlobal
